PODS:
  - LetsMove (1.24)
  - Sparkle (1.19.0)

DEPENDENCIES:
  - LetsMove
  - Sparkle

SPEC REPOS:
  https://github.com/CocoaPods/Specs.git:
    - LetsMove
    - Sparkle

SPEC CHECKSUMS:
  LetsMove: fefe56bc7bc7fb7d37049e28a14f297961229fc5
  Sparkle: 8486d2493599665e466b5076e72b28849776e32f

PODFILE CHECKSUM: 5e927197d955c467e82fac61b6561d34375dd2ef

COCOAPODS: 1.5.0
